
Microsoft Visual Studio Solution File, Format Version 12.00
# Visual Studio 14
VisualStudioVersion = 14.0.24720.0
MinimumVisualStudioVersion = 10.0.40219.1
Project("{FAE04EC0-301F-11D3-BF4B-00C04F79EFBC}") = "ReceiptTracker_Backend", "ReceiptTracker_Backend\ReceiptTracker_Backend.csproj", "{2575C94C-656D-45F9-9FF6-B570D59BD088}"
EndProject
Project("{FAE04EC0-301F-11D3-BF4B-00C04F79EFBC}") = "ReceiptTracker_App", "..\ReceiptTracker_App\ReceiptTracker_App.csproj", "{529C95A7-CD82-4419-9D49-3253C420B4C1}"
EndProject
Global
	GlobalSection(SolutionConfigurationPlatforms) = preSolution
		Debug|Any CPU = Debug|Any CPU
		Release|Any CPU = Release|Any CPU
	EndGlobalSection
	GlobalSection(ProjectConfigurationPlatforms) = postSolution
		{2575C94C-656D-45F9-9FF6-B570D59BD088}.Debug|Any CPU.ActiveCfg = Debug|Any CPU
		{2575C94C-656D-45F9-9FF6-B570D59BD088}.Debug|Any CPU.Build.0 = Debug|Any CPU
		{2575C94C-656D-45F9-9FF6-B570D59BD088}.Release|Any CPU.ActiveCfg = Release|Any CPU
		{2575C94C-656D-45F9-9FF6-B570D59BD088}.Release|Any CPU.Build.0 = Release|Any CPU
		{529C95A7-CD82-4419-9D49-3253C420B4C1}.Debug|Any CPU.ActiveCfg = Debug|Any CPU
		{529C95A7-CD82-4419-9D49-3253C420B4C1}.Debug|Any CPU.Build.0 = Debug|Any CPU
		{529C95A7-CD82-4419-9D49-3253C420B4C1}.Release|Any CPU.ActiveCfg = Release|Any CPU
		{529C95A7-CD82-4419-9D49-3253C420B4C1}.Release|Any CPU.Build.0 = Release|Any CPU
	EndGlobalSection
	GlobalSection(SolutionProperties) = preSolution
		HideSolutionNode = FALSE
	EndGlobalSection
EndGlobal
